
Microsoft Visual Studio Solution File, Format Version 12.00
# Visual Studio Version 16
VisualStudioVersion = 16.0.29201.188
MinimumVisualStudioVersion = 10.0.40219.1
Project("{8BC9CEB8-8B4A-11D0-8D11-00A0C91BC942}") = "Ch1p25", "Ch1p25\Ch1p25.vcxproj", "{AA7056D2-3BF0-4D4A-BD30-11EAE22A0BBE}"
EndProject
Global
	GlobalSection(SolutionConfigurationPlatforms) = preSolution
		Debug|x64 = Debug|x64
		Debug|x86 = Debug|x86
		Release|x64 = Release|x64
		Release|x86 = Release|x86
	EndGlobalSection
	GlobalSection(ProjectConfigurationPlatforms) = postSolution
		{AA7056D2-3BF0-4D4A-BD30-11EAE22A0BBE}.Debug|x64.ActiveCfg = Debug|x64
		{AA7056D2-3BF0-4D4A-BD30-11EAE22A0BBE}.Debug|x64.Build.0 = Debug|x64
		{AA7056D2-3BF0-4D4A-BD30-11EAE22A0BBE}.Debug|x86.ActiveCfg = Debug|Win32
		{AA7056D2-3BF0-4D4A-BD30-11EAE22A0BBE}.Debug|x86.Build.0 = Debug|Win32
		{AA7056D2-3BF0-4D4A-BD30-11EAE22A0BBE}.Release|x64.ActiveCfg = Release|x64
		{AA7056D2-3BF0-4D4A-BD30-11EAE22A0BBE}.Release|x64.Build.0 = Release|x64
		{AA7056D2-3BF0-4D4A-BD30-11EAE22A0BBE}.Release|x86.ActiveCfg = Release|Win32
		{AA7056D2-3BF0-4D4A-BD30-11EAE22A0BBE}.Release|x86.Build.0 = Release|Win32
	EndGlobalSection
	GlobalSection(SolutionProperties) = preSolution
		HideSolutionNode = FALSE
	EndGlobalSection
	GlobalSection(ExtensibilityGlobals) = postSolution
		SolutionGuid = {7FDE7AFF-01E0-44D3-8604-60CBD5616588}
	EndGlobalSection
EndGlobal
